
Microsoft Visual Studio Solution File, Format Version 12.00
# Visual Studio Version 17
VisualStudioVersion = 17.11.35303.130
MinimumVisualStudioVersion = 10.0.40219.1
Project("{9A19103F-16F7-4668-BE54-9A1E7A4F7556}") = "BookStore.Books", "BookStore.Books\BookStore.Books.csproj", "{C5F94A50-8DD7-4FFE-AC29-F3F4A4FE2539}"
EndProject
Project("{FAE04EC0-301F-11D3-BF4B-00C04F79EFBC}") = "BookStore.Books.Tests", "BookStore.Books.Tests\BookStore.Books.Tests.csproj", "{BE12B228-4E62-4EF0-AA44-53E846EFF1DB}"
EndProject
Global
	GlobalSection(SolutionConfigurationPlatforms) = preSolution
		Debug|Any CPU = Debug|Any CPU
		Release|Any CPU = Release|Any CPU
	EndGlobalSection
	GlobalSection(ProjectConfigurationPlatforms) = postSolution
		{C5F94A50-8DD7-4FFE-AC29-F3F4A4FE2539}.Debug|Any CPU.ActiveCfg = Debug|Any CPU
		{C5F94A50-8DD7-4FFE-AC29-F3F4A4FE2539}.Debug|Any CPU.Build.0 = Debug|Any CPU
		{C5F94A50-8DD7-4FFE-AC29-F3F4A4FE2539}.Release|Any CPU.ActiveCfg = Release|Any CPU
		{C5F94A50-8DD7-4FFE-AC29-F3F4A4FE2539}.Release|Any CPU.Build.0 = Release|Any CPU
		{BE12B228-4E62-4EF0-AA44-53E846EFF1DB}.Debug|Any CPU.ActiveCfg = Debug|Any CPU
		{BE12B228-4E62-4EF0-AA44-53E846EFF1DB}.Debug|Any CPU.Build.0 = Debug|Any CPU
		{BE12B228-4E62-4EF0-AA44-53E846EFF1DB}.Release|Any CPU.ActiveCfg = Release|Any CPU
		{BE12B228-4E62-4EF0-AA44-53E846EFF1DB}.Release|Any CPU.Build.0 = Release|Any CPU
	EndGlobalSection
	GlobalSection(SolutionProperties) = preSolution
		HideSolutionNode = FALSE
	EndGlobalSection
	GlobalSection(ExtensibilityGlobals) = postSolution
		SolutionGuid = {3293C5A6-7EE2-4EF6-860F-434E10DB68FB}
	EndGlobalSection
EndGlobal
